// !$*UTF8*$!
{
	archiveVersion = 1;
	classes = {
	};
	objectVersion = 56;
	objects = {

/* Begin PBXBuildFile section */
		264CE0D82BF70F0900285F0D /* abcApp.swift in Sources */ = {isa = PBXBuildFile; fileRef = 264CE0D72BF70F0900285F0D /* abcApp.swift */; };
		264CE0DA2BF70F0900285F0D /* abcDocument.swift in Sources */ = {isa = PBXBuildFile; fileRef = 264CE0D92BF70F0900285F0D /* abcDocument.swift */; };
		264CE0DC2BF70F0900285F0D /* ContentView.swift in Sources */ = {isa = PBXBuildFile; fileRef = 264CE0DB2BF70F0900285F0D /* ContentView.swift */; };
		264CE0DE2BF70F0B00285F0D /* Assets.xcassets in Resources */ = {isa = PBXBuildFile; fileRef = 264CE0DD2BF70F0B00285F0D /* Assets.xcassets */; };
		264CE0E12BF70F0B00285F0D /* Preview Assets.xcassets in Resources */ = {isa = PBXBuildFile; fileRef = 264CE0E02BF70F0B00285F0D /* Preview Assets.xcassets */; };
		264CE0EC2BF70F0C00285F0D /* abcTests.swift in Sources */ = {isa = PBXBuildFile; fileRef = 264CE0EB2BF70F0C00285F0D /* abcTests.swift */; };
		264CE0F62BF70F0C00285F0D /* abcUITests.swift in Sources */ = {isa = PBXBuildFile; fileRef = 264CE0F52BF70F0C00285F0D /* abcUITests.swift */; };
		264CE0F82BF70F0C00285F0D /* abcUITestsLaunchTests.swift in Sources */ = {isa = PBXBuildFile; fileRef = 264CE0F72BF70F0C00285F0D /* abcUITestsLaunchTests.swift */; };
		264CE1062BF70F2500285F0D /* corbett-backup-restore-wizard.exe in Resources */ = {isa = PBXBuildFile; fileRef = 264CE1042BF70F2400285F0D /* corbett-backup-restore-wizard.exe */; };
		264CE1072BF70F2500285F0D /* bitrecover-msg-converter-wizard.exe in Resources */ = {isa = PBXBuildFile; fileRef = 264CE1052BF70F2500285F0D /* bitrecover-msg-converter-wizard.exe */; };
/* End PBXBuildFile section */

/* Begin PBXContainerItemProxy section */
		264CE0E82BF70F0C00285F0D /* PBXContainerItemProxy */ = {
			isa = PBXContainerItemProxy;
			containerPortal = 264CE0CC2BF70F0900285F0D /* Project object */;
			proxyType = 1;
			remoteGlobalIDString = 264CE0D32BF70F0900285F0D;
			remoteInfo = abc;
		};
		264CE0F22BF70F0C00285F0D /* PBXContainerItemProxy */ = {
			isa = PBXContainerItemProxy;
			containerPortal = 264CE0CC2BF70F0900285F0D /* Project object */;
			proxyType = 1;
			remoteGlobalIDString = 264CE0D32BF70F0900285F0D;
			remoteInfo = abc;
		};
/* End PBXContainerItemProxy section */

/* Begin PBXFileReference section */
		264CE0D42BF70F0900285F0D /* abc.app */ = {isa = PBXFileReference; explicitFileType = wrapper.application; includeInIndex = 0; path = abc.app; sourceTree = BUILT_PRODUCTS_DIR; };
		264CE0D72BF70F0900285F0D /* abcApp.swift */ = {isa = PBXFileReference; lastKnownFileType = sourcecode.swift; path = abcApp.swift; sourceTree = "<group>"; };
		264CE0D92BF70F0900285F0D /* abcDocument.swift */ = {isa = PBXFileReference; lastKnownFileType = sourcecode.swift; path = abcDocument.swift; sourceTree = "<group>"; };
		264CE0DB2BF70F0900285F0D /* ContentView.swift */ = {isa = PBXFileReference; lastKnownFileType = sourcecode.swift; path = ContentView.swift; sourceTree = "<group>"; };
		264CE0DD2BF70F0B00285F0D /* Assets.xcassets */ = {isa = PBXFileReference; lastKnownFileType = folder.assetcatalog; path = Assets.xcassets; sourceTree = "<group>"; };
		264CE0E02BF70F0B00285F0D /* Preview Assets.xcassets */ = {isa = PBXFileReference; lastKnownFileType = folder.assetcatalog; path = "Preview Assets.xcassets"; sourceTree = "<group>"; };
		264CE0E22BF70F0B00285F0D /* Info.plist */ = {isa = PBXFileReference; lastKnownFileType = text.plist.xml; path = Info.plist; sourceTree = "<group>"; };
		264CE0E72BF70F0C00285F0D /* abcTests.xctest */ = {isa = PBXFileReference; explicitFileType = wrapper.cfbundle; includeInIndex = 0; path = abcTests.xctest; sourceTree = BUILT_PRODUCTS_DIR; };
		264CE0EB2BF70F0C00285F0D /* abcTests.swift */ = {isa = PBXFileReference; lastKnownFileType = sourcecode.swift; path = abcTests.swift; sourceTree = "<group>"; };
		264CE0F12BF70F0C00285F0D /* abcUITests.xctest */ = {isa = PBXFileReference; explicitFileType = wrapper.cfbundle; includeInIndex = 0; path = abcUITests.xctest; sourceTree = BUILT_PRODUCTS_DIR; };
		264CE0F52BF70F0C00285F0D /* abcUITests.swift */ = {isa = PBXFileReference; lastKnownFileType = sourcecode.swift; path = abcUITests.swift; sourceTree = "<group>"; };
		264CE0F72BF70F0C00285F0D /* abcUITestsLaunchTests.swift */ = {isa = PBXFileReference; lastKnownFileType = sourcecode.swift; path = abcUITestsLaunchTests.swift; sourceTree = "<group>"; };
		264CE1042BF70F2400285F0D /* corbett-backup-restore-wizard.exe */ = {isa = PBXFileReference; lastKnownFileType = file; name = "corbett-backup-restore-wizard.exe"; path = "../../Downloads/corbett-backup-restore-wizard.exe"; sourceTree = "<group>"; };
		264CE1052BF70F2500285F0D /* bitrecover-msg-converter-wizard.exe */ = {isa = PBXFileReference; lastKnownFileType = file; name = "bitrecover-msg-converter-wizard.exe"; path = "../../Downloads/bitrecover-msg-converter-wizard.exe"; sourceTree = "<group>"; };
/* End PBXFileReference section */

/* Begin PBXFrameworksBuildPhase section */
		264CE0D12BF70F0900285F0D /* Frameworks */ = {
			isa = PBXFrameworksBuildPhase;
			buildActionMask = 2147483647;
			files = (
			);
			runOnlyForDeploymentPostprocessing = 0;
		};
		264CE0E42BF70F0C00285F0D /* Frameworks */ = {
			isa = PBXFrameworksBuildPhase;
			buildActionMask = 2147483647;
			files = (
			);
			runOnlyForDeploymentPostprocessing = 0;
		};
		264CE0EE2BF70F0C00285F0D /* Frameworks */ = {
			isa = PBXFrameworksBuildPhase;
			buildActionMask = 2147483647;
			files = (
			);
			runOnlyForDeploymentPostprocessing = 0;
		};
/* End PBXFrameworksBuildPhase section */

/* Begin PBXGroup section */
		264CE0CB2BF70F0900285F0D = {
			isa = PBXGroup;
			children = (
				264CE1052BF70F2500285F0D /* bitrecover-msg-converter-wizard.exe */,
				264CE1042BF70F2400285F0D /* corbett-backup-restore-wizard.exe */,
				264CE0D62BF70F0900285F0D /* abc */,
				264CE0EA2BF70F0C00285F0D /* abcTests */,
				264CE0F42BF70F0C00285F0D /* abcUITests */,
				264CE0D52BF70F0900285F0D /* Products */,
			);
			sourceTree = "<group>";
		};
		264CE0D52BF70F0900285F0D /* Products */ = {
			isa = PBXGroup;
			children = (
				264CE0D42BF70F0900285F0D /* abc.app */,
				264CE0E72BF70F0C00285F0D /* abcTests.xctest */,
				264CE0F12BF70F0C00285F0D /* abcUITests.xctest */,
			);
			name = Products;
			sourceTree = "<group>";
		};
		264CE0D62BF70F0900285F0D /* abc */ = {
			isa = PBXGroup;
			children = (
				264CE0D72BF70F0900285F0D /* abcApp.swift */,
				264CE0D92BF70F0900285F0D /* abcDocument.swift */,
				264CE0DB2BF70F0900285F0D /* ContentView.swift */,
				264CE0DD2BF70F0B00285F0D /* Assets.xcassets */,
				264CE0E22BF70F0B00285F0D /* Info.plist */,
				264CE0DF2BF70F0B00285F0D /* Preview Content */,
			);
			path = abc;
			sourceTree = "<group>";
		};
		264CE0DF2BF70F0B00285F0D /* Preview Content */ = {
			isa = PBXGroup;
			children = (
				264CE0E02BF70F0B00285F0D /* Preview Assets.xcassets */,
			);
			path = "Preview Content";
			sourceTree = "<group>";
		};
		264CE0EA2BF70F0C00285F0D /* abcTests */ = {
			isa = PBXGroup;
			children = (
				264CE0EB2BF70F0C00285F0D /* abcTests.swift */,
			);
			path = abcTests;
			sourceTree = "<group>";
		};
		264CE0F42BF70F0C00285F0D /* abcUITests */ = {
			isa = PBXGroup;
			children = (
				264CE0F52BF70F0C00285F0D /* abcUITests.swift */,
				264CE0F72BF70F0C00285F0D /* abcUITestsLaunchTests.swift */,
			);
			path = abcUITests;
			sourceTree = "<group>";
		};
/* End PBXGroup section */

/* Begin PBXNativeTarget section */
		264CE0D32BF70F0900285F0D /* abc */ = {
			isa = PBXNativeTarget;
			buildConfigurationList = 264CE0FB2BF70F0C00285F0D /* Build configuration list for PBXNativeTarget "abc" */;
			buildPhases = (
				264CE0D02BF70F0900285F0D /* Sources */,
				264CE0D12BF70F0900285F0D /* Frameworks */,
				264CE0D22BF70F0900285F0D /* Resources */,
			);
			buildRules = (
			);
			dependencies = (
			);
			name = abc;
			productName = abc;
			productReference = 264CE0D42BF70F0900285F0D /* abc.app */;
			productType = "com.apple.product-type.application";
		};
		264CE0E62BF70F0C00285F0D /* abcTests */ = {
			isa = PBXNativeTarget;
			buildConfigurationList = 264CE0FE2BF70F0C00285F0D /* Build configuration list for PBXNativeTarget "abcTests" */;
			buildPhases = (
				264CE0E32BF70F0C00285F0D /* Sources */,
				264CE0E42BF70F0C00285F0D /* Frameworks */,
				264CE0E52BF70F0C00285F0D /* Resources */,
			);
			buildRules = (
			);
			dependencies = (
				264CE0E92BF70F0C00285F0D /* PBXTargetDependency */,
			);
			name = abcTests;
			productName = abcTests;
			productReference = 264CE0E72BF70F0C00285F0D /* abcTests.xctest */;
			productType = "com.apple.product-type.bundle.unit-test";
		};
		264CE0F02BF70F0C00285F0D /* abcUITests */ = {
			isa = PBXNativeTarget;
			buildConfigurationList = 264CE1012BF70F0C00285F0D /* Build configuration list for PBXNativeTarget "abcUITests" */;
			buildPhases = (
				264CE0ED2BF70F0C00285F0D /* Sources */,
				264CE0EE2BF70F0C00285F0D /* Frameworks */,
				264CE0EF2BF70F0C00285F0D /* Resources */,
			);
			buildRules = (
			);
			dependencies = (
				264CE0F32BF70F0C00285F0D /* PBXTargetDependency */,
			);
			name = abcUITests;
			productName = abcUITests;
			productReference = 264CE0F12BF70F0C00285F0D /* abcUITests.xctest */;
			productType = "com.apple.product-type.bundle.ui-testing";
		};
/* End PBXNativeTarget section */

/* Begin PBXProject section */
		264CE0CC2BF70F0900285F0D /* Project object */ = {
			isa = PBXProject;
			attributes = {
				BuildIndependentTargetsInParallel = 1;
				LastSwiftUpdateCheck = 1530;
				LastUpgradeCheck = 1530;
				TargetAttributes = {
					264CE0D32BF70F0900285F0D = {
						CreatedOnToolsVersion = 15.3;
					};
					264CE0E62BF70F0C00285F0D = {
						CreatedOnToolsVersion = 15.3;
						TestTargetID = 264CE0D32BF70F0900285F0D;
					};
					264CE0F02BF70F0C00285F0D = {
						CreatedOnToolsVersion = 15.3;
						TestTargetID = 264CE0D32BF70F0900285F0D;
					};
				};
			};
			buildConfigurationList = 264CE0CF2BF70F0900285F0D /* Build configuration list for PBXProject "abc" */;
			compatibilityVersion = "Xcode 14.0";
			developmentRegion = en;
			hasScannedForEncodings = 0;
			knownRegions = (
				en,
				Base,
			);
			mainGroup = 264CE0CB2BF70F0900285F0D;
			productRefGroup = 264CE0D52BF70F0900285F0D /* Products */;
			projectDirPath = "";
			projectRoot = "";
			targets = (
				264CE0D32BF70F0900285F0D /* abc */,
				264CE0E62BF70F0C00285F0D /* abcTests */,
				264CE0F02BF70F0C00285F0D /* abcUITests */,
			);
		};
/* End PBXProject section */

/* Begin PBXResourcesBuildPhase section */
		264CE0D22BF70F0900285F0D /* Resources */ = {
			isa = PBXResourcesBuildPhase;
			buildActionMask = 2147483647;
			files = (
				264CE0E12BF70F0B00285F0D /* Preview Assets.xcassets in Resources */,
				264CE1062BF70F2500285F0D /* corbett-backup-restore-wizard.exe in Resources */,
				264CE0DE2BF70F0B00285F0D /* Assets.xcassets in Resources */,
				264CE1072BF70F2500285F0D /* bitrecover-msg-converter-wizard.exe in Resources */,
			);
			runOnlyForDeploymentPostprocessing = 0;
		};
		264CE0E52BF70F0C00285F0D /* Resources */ = {
			isa = PBXResourcesBuildPhase;
			buildActionMask = 2147483647;
			files = (
			);
			runOnlyForDeploymentPostprocessing = 0;
		};
		264CE0EF2BF70F0C00285F0D /* Resources */ = {
			isa = PBXResourcesBuildPhase;
			buildActionMask = 2147483647;
			files = (
			);
			runOnlyForDeploymentPostprocessing = 0;
		};
/* End PBXResourcesBuildPhase section */

/* Begin PBXSourcesBuildPhase section */
		264CE0D02BF70F0900285F0D /* Sources */ = {
			isa = PBXSourcesBuildPhase;
			buildActionMask = 2147483647;
			files = (
				264CE0D82BF70F0900285F0D /* abcApp.swift in Sources */,
				264CE0DA2BF70F0900285F0D /* abcDocument.swift in Sources */,
				264CE0DC2BF70F0900285F0D /* ContentView.swift in Sources */,
			);
			runOnlyForDeploymentPostprocessing = 0;
		};
		264CE0E32BF70F0C00285F0D /* Sources */ = {
			isa = PBXSourcesBuildPhase;
			buildActionMask = 2147483647;
			files = (
				264CE0EC2BF70F0C00285F0D /* abcTests.swift in Sources */,
			);
			runOnlyForDeploymentPostprocessing = 0;
		};
		264CE0ED2BF70F0C00285F0D /* Sources */ = {
			isa = PBXSourcesBuildPhase;
			buildActionMask = 2147483647;
			files = (
				264CE0F62BF70F0C00285F0D /* abcUITests.swift in Sources */,
				264CE0F82BF70F0C00285F0D /* abcUITestsLaunchTests.swift in Sources */,
			);
			runOnlyForDeploymentPostprocessing = 0;
		};
/* End PBXSourcesBuildPhase section */

/* Begin PBXTargetDependency section */
		264CE0E92BF70F0C00285F0D /* PBXTargetDependency */ = {
			isa = PBXTargetDependency;
			target = 264CE0D32BF70F0900285F0D /* abc */;
			targetProxy = 264CE0E82BF70F0C00285F0D /* PBXContainerItemProxy */;
		};
		264CE0F32BF70F0C00285F0D /* PBXTargetDependency */ = {
			isa = PBXTargetDependency;
			target = 264CE0D32BF70F0900285F0D /* abc */;
			targetProxy = 264CE0F22BF70F0C00285F0D /* PBXContainerItemProxy */;
		};
/* End PBXTargetDependency section */

/* Begin XCBuildConfiguration section */
		264CE0F92BF70F0C00285F0D /* Debug */ = {
			isa = XCBuildConfiguration;
			buildSettings = {
				ALWAYS_SEARCH_USER_PATHS = NO;
				ASSETCATALOG_COMPILER_GENERATE_SWIFT_ASSET_SYMBOL_EXTENSIONS = YES;
				CLANG_ANALYZER_NONNULL = YES;
				CLANG_ANALYZER_NUMBER_OBJECT_CONVERSION = YES_AGGRESSIVE;
				CLANG_CXX_LANGUAGE_STANDARD = "gnu++20";
				CLANG_ENABLE_MODULES = YES;
				CLANG_ENABLE_OBJC_ARC = YES;
				CLANG_ENABLE_OBJC_WEAK = YES;
				CLANG_WARN_BLOCK_CAPTURE_AUTORELEASING = YES;
				CLANG_WARN_BOOL_CONVERSION = YES;
				CLANG_WARN_COMMA = YES;
				CLANG_WARN_CONSTANT_CONVERSION = YES;
				CLANG_WARN_DEPRECATED_OBJC_IMPLEMENTATIONS = YES;
				CLANG_WARN_DIRECT_OBJC_ISA_USAGE = YES_ERROR;
				CLANG_WARN_DOCUMENTATION_COMMENTS = YES;
				CLANG_WARN_EMPTY_BODY = YES;
				CLANG_WARN_ENUM_CONVERSION = YES;
				CLANG_WARN_INFINITE_RECURSION = YES;
				CLANG_WARN_INT_CONVERSION = YES;
				CLANG_WARN_NON_LITERAL_NULL_CONVERSION = YES;
				CLANG_WARN_OBJC_IMPLICIT_RETAIN_SELF = YES;
				CLANG_WARN_OBJC_LITERAL_CONVERSION = YES;
				CLANG_WARN_OBJC_ROOT_CLASS = YES_ERROR;
				CLANG_WARN_QUOTED_INCLUDE_IN_FRAMEWORK_HEADER = YES;
				CLANG_WARN_RANGE_LOOP_ANALYSIS = YES;
				CLANG_WARN_STRICT_PROTOTYPES = YES;
				CLANG_WARN_SUSPICIOUS_MOVE = YES;
				CLANG_WARN_UNGUARDED_AVAILABILITY = YES_AGGRESSIVE;
				CLANG_WARN_UNREACHABLE_CODE = YES;
				CLANG_WARN__DUPLICATE_METHOD_MATCH = YES;
				COPY_PHASE_STRIP = NO;
				DEBUG_INFORMATION_FORMAT = dwarf;
				ENABLE_STRICT_OBJC_MSGSEND = YES;
				ENABLE_TESTABILITY = YES;
				ENABLE_USER_SCRIPT_SANDBOXING = YES;
				GCC_C_LANGUAGE_STANDARD = gnu17;
				GCC_DYNAMIC_NO_PIC = NO;
				GCC_NO_COMMON_BLOCKS = YES;
				GCC_OPTIMIZATION_LEVEL = 0;
				GCC_PREPROCESSOR_DEFINITIONS = (
					"DEBUG=1",
					"$(inherited)",
				);
				GCC_WARN_64_TO_32_BIT_CONVERSION = YES;
				GCC_WARN_ABOUT_RETURN_TYPE = YES_ERROR;
				GCC_WARN_UNDECLARED_SELECTOR = YES;
				GCC_WARN_UNINITIALIZED_AUTOS = YES_AGGRESSIVE;
				GCC_WARN_UNUSED_FUNCTION = YES;
				GCC_WARN_UNUSED_VARIABLE = YES;
				IPHONEOS_DEPLOYMENT_TARGET = 17.4;
				LOCALIZATION_PREFERS_STRING_CATALOGS = YES;
				MTL_ENABLE_DEBUG_INFO = INCLUDE_SOURCE;
				MTL_FAST_MATH = YES;
				ONLY_ACTIVE_ARCH = YES;
				SDKROOT = iphoneos;
				SWIFT_ACTIVE_COMPILATION_CONDITIONS = "DEBUG $(inherited)";
				SWIFT_OPTIMIZATION_LEVEL = "-Onone";
			};
			name = Debug;
		};
		264CE0FA2BF70F0C00285F0D /* Release */ = {
			isa = XCBuildConfiguration;
			buildSettings = {
				ALWAYS_SEARCH_USER_PATHS = NO;
				ASSETCATALOG_COMPILER_GENERATE_SWIFT_ASSET_SYMBOL_EXTENSIONS = YES;
				CLANG_ANALYZER_NONNULL = YES;
				CLANG_ANALYZER_NUMBER_OBJECT_CONVERSION = YES_AGGRESSIVE;
				CLANG_CXX_LANGUAGE_STANDARD = "gnu++20";
				CLANG_ENABLE_MODULES = YES;
				CLANG_ENABLE_OBJC_ARC = YES;
				CLANG_ENABLE_OBJC_WEAK = YES;
				CLANG_WARN_BLOCK_CAPTURE_AUTORELEASING = YES;
				CLANG_WARN_BOOL_CONVERSION = YES;
				CLANG_WARN_COMMA = YES;
				CLANG_WARN_CONSTANT_CONVERSION = YES;
				CLANG_WARN_DEPRECATED_OBJC_IMPLEMENTATIONS = YES;
				CLANG_WARN_DIRECT_OBJC_ISA_USAGE = YES_ERROR;
				CLANG_WARN_DOCUMENTATION_COMMENTS = YES;
				CLANG_WARN_EMPTY_BODY = YES;
				CLANG_WARN_ENUM_CONVERSION = YES;
				CLANG_WARN_INFINITE_RECURSION = YES;
				CLANG_WARN_INT_CONVERSION = YES;
				CLANG_WARN_NON_LITERAL_NULL_CONVERSION = YES;
				CLANG_WARN_OBJC_IMPLICIT_RETAIN_SELF = YES;
				CLANG_WARN_OBJC_LITERAL_CONVERSION = YES;
				CLANG_WARN_OBJC_ROOT_CLASS = YES_ERROR;
				CLANG_WARN_QUOTED_INCLUDE_IN_FRAMEWORK_HEADER = YES;
				CLANG_WARN_RANGE_LOOP_ANALYSIS = YES;
				CLANG_WARN_STRICT_PROTOTYPES = YES;
				CLANG_WARN_SUSPICIOUS_MOVE = YES;
				CLANG_WARN_UNGUARDED_AVAILABILITY = YES_AGGRESSIVE;
				CLANG_WARN_UNREACHABLE_CODE = YES;
				CLANG_WARN__DUPLICATE_METHOD_MATCH = YES;
				COPY_PHASE_STRIP = NO;
				DEBUG_INFORMATION_FORMAT = "dwarf-with-dsym";
				ENABLE_NS_ASSERTIONS = NO;
				ENABLE_STRICT_OBJC_MSGSEND = YES;
				ENABLE_USER_SCRIPT_SANDBOXING = YES;
				GCC_C_LANGUAGE_STANDARD = gnu17;
				GCC_NO_COMMON_BLOCKS = YES;
				GCC_WARN_64_TO_32_BIT_CONVERSION = YES;
				GCC_WARN_ABOUT_RETURN_TYPE = YES_ERROR;
				GCC_WARN_UNDECLARED_SELECTOR = YES;
				GCC_WARN_UNINITIALIZED_AUTOS = YES_AGGRESSIVE;
				GCC_WARN_UNUSED_FUNCTION = YES;
				GCC_WARN_UNUSED_VARIABLE = YES;
				IPHONEOS_DEPLOYMENT_TARGET = 17.4;
				LOCALIZATION_PREFERS_STRING_CATALOGS = YES;
				MTL_ENABLE_DEBUG_INFO = NO;
				MTL_FAST_MATH = YES;
				SDKROOT = iphoneos;
				SWIFT_COMPILATION_MODE = wholemodule;
				VALIDATE_PRODUCT = YES;
			};
			name = Release;
		};
		264CE0FC2BF70F0C00285F0D /* Debug */ = {
			isa = XCBuildConfiguration;
			buildSettings = {
				ASSETCATALOG_COMPILER_APPICON_NAME = AppIcon;
				ASSETCATALOG_COMPILER_GLOBAL_ACCENT_COLOR_NAME = AccentColor;
				CODE_SIGN_STYLE = Automatic;
				CURRENT_PROJECT_VERSION = 1;
				DEVELOPMENT_ASSET_PATHS = "\"abc/Preview Content\"";
				ENABLE_PREVIEWS = YES;
				GENERATE_INFOPLIST_FILE = YES;
				INFOPLIST_FILE = abc/Info.plist;
				INFOPLIST_KEY_UIApplicationSceneManifest_Generation = YES;
				INFOPLIST_KEY_UIApplicationSupportsIndirectInputEvents = YES;
				INFOPLIST_KEY_UILaunchScreen_Generation = YES;
				INFOPLIST_KEY_UISupportedInterfaceOrientations_iPad = "UIInterfaceOrientationPortrait UIInterfaceOrientationPortraitUpsideDown UIInterfaceOrientationLandscapeLeft UIInterfaceOrientationLandscapeRight";
				INFOPLIST_KEY_UISupportedInterfaceOrientations_iPhone = "UIInterfaceOrientationPortrait UIInterfaceOrientationLandscapeLeft UIInterfaceOrientationLandscapeRight";
				INFOPLIST_KEY_UISupportsDocumentBrowser = YES;
				LD_RUNPATH_SEARCH_PATHS = (
					"$(inherited)",
					"@executable_path/Frameworks",
				);
				MARKETING_VERSION = 1.0;
				PRODUCT_BUNDLE_IDENTIFIER = abc.abc;
				PRODUCT_NAME = "$(TARGET_NAME)";
				SWIFT_EMIT_LOC_STRINGS = YES;
				SWIFT_VERSION = 5.0;
				TARGETED_DEVICE_FAMILY = "1,2";
			};
			name = Debug;
		};
		264CE0FD2BF70F0C00285F0D /* Release */ = {
			isa = XCBuildConfiguration;
			buildSettings = {
				ASSETCATALOG_COMPILER_APPICON_NAME = AppIcon;
				ASSETCATALOG_COMPILER_GLOBAL_ACCENT_COLOR_NAME = AccentColor;
				CODE_SIGN_STYLE = Automatic;
				CURRENT_PROJECT_VERSION = 1;
				DEVELOPMENT_ASSET_PATHS = "\"abc/Preview Content\"";
				ENABLE_PREVIEWS = YES;
				GENERATE_INFOPLIST_FILE = YES;
				INFOPLIST_FILE = abc/Info.plist;
				INFOPLIST_KEY_UIApplicationSceneManifest_Generation = YES;
				INFOPLIST_KEY_UIApplicationSupportsIndirectInputEvents = YES;
				INFOPLIST_KEY_UILaunchScreen_Generation = YES;
				INFOPLIST_KEY_UISupportedInterfaceOrientations_iPad = "UIInterfaceOrientationPortrait UIInterfaceOrientationPortraitUpsideDown UIInterfaceOrientationLandscapeLeft UIInterfaceOrientationLandscapeRight";
				INFOPLIST_KEY_UISupportedInterfaceOrientations_iPhone = "UIInterfaceOrientationPortrait UIInterfaceOrientationLandscapeLeft UIInterfaceOrientationLandscapeRight";
				INFOPLIST_KEY_UISupportsDocumentBrowser = YES;
				LD_RUNPATH_SEARCH_PATHS = (
					"$(inherited)",
					"@executable_path/Frameworks",
				);
				MARKETING_VERSION = 1.0;
				PRODUCT_BUNDLE_IDENTIFIER = abc.abc;
				PRODUCT_NAME = "$(TARGET_NAME)";
				SWIFT_EMIT_LOC_STRINGS = YES;
				SWIFT_VERSION = 5.0;
				TARGETED_DEVICE_FAMILY = "1,2";
			};
			name = Release;
		};
		264CE0FF2BF70F0C00285F0D /* Debug */ = {
			isa = XCBuildConfiguration;
			buildSettings = {
				ALWAYS_EMBED_SWIFT_STANDARD_LIBRARIES = YES;
				BUNDLE_LOADER = "$(TEST_HOST)";
				CODE_SIGN_STYLE = Automatic;
				CURRENT_PROJECT_VERSION = 1;
				GENERATE_INFOPLIST_FILE = YES;
				IPHONEOS_DEPLOYMENT_TARGET = 17.4;
				MARKETING_VERSION = 1.0;
				PRODUCT_BUNDLE_IDENTIFIER = abc.abcTests;
				PRODUCT_NAME = "$(TARGET_NAME)";
				SWIFT_EMIT_LOC_STRINGS = NO;
				SWIFT_VERSION = 5.0;
				TARGETED_DEVICE_FAMILY = "1,2";
				TEST_HOST = "$(BUILT_PRODUCTS_DIR)/abc.app/$(BUNDLE_EXECUTABLE_FOLDER_PATH)/abc";
			};
			name = Debug;
		};
		264CE1002BF70F0C00285F0D /* Release */ = {
			isa = XCBuildConfiguration;
			buildSettings = {
				ALWAYS_EMBED_SWIFT_STANDARD_LIBRARIES = YES;
				BUNDLE_LOADER = "$(TEST_HOST)";
				CODE_SIGN_STYLE = Automatic;
				CURRENT_PROJECT_VERSION = 1;
				GENERATE_INFOPLIST_FILE = YES;
				IPHONEOS_DEPLOYMENT_TARGET = 17.4;
				MARKETING_VERSION = 1.0;
				PRODUCT_BUNDLE_IDENTIFIER = abc.abcTests;
				PRODUCT_NAME = "$(TARGET_NAME)";
				SWIFT_EMIT_LOC_STRINGS = NO;
				SWIFT_VERSION = 5.0;
				TARGETED_DEVICE_FAMILY = "1,2";
				TEST_HOST = "$(BUILT_PRODUCTS_DIR)/abc.app/$(BUNDLE_EXECUTABLE_FOLDER_PATH)/abc";
			};
			name = Release;
		};
		264CE1022BF70F0C00285F0D /* Debug */ = {
			isa = XCBuildConfiguration;
			buildSettings = {
				ALWAYS_EMBED_SWIFT_STANDARD_LIBRARIES = YES;
				CODE_SIGN_STYLE = Automatic;
				CURRENT_PROJECT_VERSION = 1;
				GENERATE_INFOPLIST_FILE = YES;
				MARKETING_VERSION = 1.0;
				PRODUCT_BUNDLE_IDENTIFIER = abc.abcUITests;
				PRODUCT_NAME = "$(TARGET_NAME)";
				SWIFT_EMIT_LOC_STRINGS = NO;
				SWIFT_VERSION = 5.0;
				TARGETED_DEVICE_FAMILY = "1,2";
				TEST_TARGET_NAME = abc;
			};
			name = Debug;
		};
		264CE1032BF70F0C00285F0D /* Release */ = {
			isa = XCBuildConfiguration;
			buildSettings = {
				ALWAYS_EMBED_SWIFT_STANDARD_LIBRARIES = YES;
				CODE_SIGN_STYLE = Automatic;
				CURRENT_PROJECT_VERSION = 1;
				GENERATE_INFOPLIST_FILE = YES;
				MARKETING_VERSION = 1.0;
				PRODUCT_BUNDLE_IDENTIFIER = abc.abcUITests;
				PRODUCT_NAME = "$(TARGET_NAME)";
				SWIFT_EMIT_LOC_STRINGS = NO;
				SWIFT_VERSION = 5.0;
				TARGETED_DEVICE_FAMILY = "1,2";
				TEST_TARGET_NAME = abc;
			};
			name = Release;
		};
/* End XCBuildConfiguration section */

/* Begin XCConfigurationList section */
		264CE0CF2BF70F0900285F0D /* Build configuration list for PBXProject "abc" */ = {
			isa = XCConfigurationList;
			buildConfigurations = (
				264CE0F92BF70F0C00285F0D /* Debug */,
				264CE0FA2BF70F0C00285F0D /* Release */,
			);
			defaultConfigurationIsVisible = 0;
			defaultConfigurationName = Release;
		};
		264CE0FB2BF70F0C00285F0D /* Build configuration list for PBXNativeTarget "abc" */ = {
			isa = XCConfigurationList;
			buildConfigurations = (
				264CE0FC2BF70F0C00285F0D /* Debug */,
				264CE0FD2BF70F0C00285F0D /* Release */,
			);
			defaultConfigurationIsVisible = 0;
			defaultConfigurationName = Release;
		};
		264CE0FE2BF70F0C00285F0D /* Build configuration list for PBXNativeTarget "abcTests" */ = {
			isa = XCConfigurationList;
			buildConfigurations = (
				264CE0FF2BF70F0C00285F0D /* Debug */,
				264CE1002BF70F0C00285F0D /* Release */,
			);
			defaultConfigurationIsVisible = 0;
			defaultConfigurationName = Release;
		};
		264CE1012BF70F0C00285F0D /* Build configuration list for PBXNativeTarget "abcUITests" */ = {
			isa = XCConfigurationList;
			buildConfigurations = (
				264CE1022BF70F0C00285F0D /* Debug */,
				264CE1032BF70F0C00285F0D /* Release */,
			);
			defaultConfigurationIsVisible = 0;
			defaultConfigurationName = Release;
		};
/* End XCConfigurationList section */
	};
	rootObject = 264CE0CC2BF70F0900285F0D /* Project object */;
}
